// !$*UTF8*$!
{
	archiveVersion = 1;
	classes = {
	};
	objectVersion = 56;
	objects = {

/* Begin PBXBuildFile section */
		4517E763299BB9FF004D3525 /* AppDelegate.swift in Sources */ = {isa = PBXBuildFile; fileRef = 4517E762299BB9FF004D3525 /* AppDelegate.swift */; };
		4517E765299BB9FF004D3525 /* SceneDelegate.swift in Sources */ = {isa = PBXBuildFile; fileRef = 4517E764299BB9FF004D3525 /* SceneDelegate.swift */; };
		4517E767299BB9FF004D3525 /* MainTabBarViewController.swift in Sources */ = {isa = PBXBuildFile; fileRef = 4517E766299BB9FF004D3525 /* MainTabBarViewController.swift */; };
		4517E76C299BBA00004D3525 /* Assets.xcassets in Resources */ = {isa = PBXBuildFile; fileRef = 4517E76B299BBA00004D3525 /* Assets.xcassets */; };
		4517E76F299BBA00004D3525 /* LaunchScreen.storyboard in Resources */ = {isa = PBXBuildFile; fileRef = 4517E76D299BBA00004D3525 /* LaunchScreen.storyboard */; };
		452016FD29A606E700A0D033 /* TitleViewModel.swift in Sources */ = {isa = PBXBuildFile; fileRef = 452016FC29A606E700A0D033 /* TitleViewModel.swift */; };
		4540C14F29A4CF30009C3446 /* TitleTableViewCell.swift in Sources */ = {isa = PBXBuildFile; fileRef = 4540C14E29A4CF30009C3446 /* TitleTableViewCell.swift */; };
		4551A7B6299CCE4500CF1D44 /* HomeViewController.swift in Sources */ = {isa = PBXBuildFile; fileRef = 4551A7B5299CCE4500CF1D44 /* HomeViewController.swift */; };
		4551A7B8299CCE8F00CF1D44 /* UpcommingViewController.swift in Sources */ = {isa = PBXBuildFile; fileRef = 4551A7B7299CCE8F00CF1D44 /* UpcommingViewController.swift */; };
		4551A7BA299CCEC000CF1D44 /* SearchViewController.swift in Sources */ = {isa = PBXBuildFile; fileRef = 4551A7B9299CCEC000CF1D44 /* SearchViewController.swift */; };
		4551A7BC299CCEE300CF1D44 /* DownloadsViewController.swift in Sources */ = {isa = PBXBuildFile; fileRef = 4551A7BB299CCEE300CF1D44 /* DownloadsViewController.swift */; };
		4551A7C3299CDAC200CF1D44 /* CollectionViewTableViewCell.swift in Sources */ = {isa = PBXBuildFile; fileRef = 4551A7C2299CDAC200CF1D44 /* CollectionViewTableViewCell.swift */; };
		4551A7C5299CECA800CF1D44 /* HeroHeaderUIView.swift in Sources */ = {isa = PBXBuildFile; fileRef = 4551A7C4299CECA800CF1D44 /* HeroHeaderUIView.swift */; };
		4586502F29A146A30016EDC7 /* TitleCollectionViewCell.swift in Sources */ = {isa = PBXBuildFile; fileRef = 4586502E29A146A30016EDC7 /* TitleCollectionViewCell.swift */; };
		4586503229A14FCD0016EDC7 /* SDWebImage in Frameworks */ = {isa = PBXBuildFile; productRef = 4586503129A14FCD0016EDC7 /* SDWebImage */; };
		4586503429A14FCD0016EDC7 /* SDWebImageMapKit in Frameworks */ = {isa = PBXBuildFile; productRef = 4586503329A14FCD0016EDC7 /* SDWebImageMapKit */; };
		458C4337299FC756007F11B7 /* APICaller.swift in Sources */ = {isa = PBXBuildFile; fileRef = 458C4336299FC756007F11B7 /* APICaller.swift */; };
		458C4339299FE9F3007F11B7 /* Title.swift in Sources */ = {isa = PBXBuildFile; fileRef = 458C4338299FE9F3007F11B7 /* Title.swift */; };
		458C433B299FFA2A007F11B7 /* Extensions.swift in Sources */ = {isa = PBXBuildFile; fileRef = 458C433A299FFA2A007F11B7 /* Extensions.swift */; };
		459E5FBD29A63EA50099B4D9 /* SearchResultsViewController.swift in Sources */ = {isa = PBXBuildFile; fileRef = 459E5FBC29A63EA50099B4D9 /* SearchResultsViewController.swift */; };
		45A58F2029ABCA1900FF0670 /* YoutubeSearchResponse.swift in Sources */ = {isa = PBXBuildFile; fileRef = 45A58F1F29ABCA1900FF0670 /* YoutubeSearchResponse.swift */; };
		45A58F2429ABDE2F00FF0670 /* TitlePreviewViewController.swift in Sources */ = {isa = PBXBuildFile; fileRef = 45A58F2329ABDE2F00FF0670 /* TitlePreviewViewController.swift */; };
		45A58F2629ABEE7900FF0670 /* TitlePreviewViewModel.swift in Sources */ = {isa = PBXBuildFile; fileRef = 45A58F2529ABEE7900FF0670 /* TitlePreviewViewModel.swift */; };
/* End PBXBuildFile section */

/* Begin PBXFileReference section */
		4517E75F299BB9FF004D3525 /* Netflix Clone.app */ = {isa = PBXFileReference; explicitFileType = wrapper.application; includeInIndex = 0; path = "Netflix Clone.app"; sourceTree = BUILT_PRODUCTS_DIR; };
		4517E762299BB9FF004D3525 /* AppDelegate.swift */ = {isa = PBXFileReference; lastKnownFileType = sourcecode.swift; path = AppDelegate.swift; sourceTree = "<group>"; };
		4517E764299BB9FF004D3525 /* SceneDelegate.swift */ = {isa = PBXFileReference; lastKnownFileType = sourcecode.swift; path = SceneDelegate.swift; sourceTree = "<group>"; };
		4517E766299BB9FF004D3525 /* MainTabBarViewController.swift */ = {isa = PBXFileReference; lastKnownFileType = sourcecode.swift; path = MainTabBarViewController.swift; sourceTree = "<group>"; };
		4517E76B299BBA00004D3525 /* Assets.xcassets */ = {isa = PBXFileReference; lastKnownFileType = folder.assetcatalog; path = Assets.xcassets; sourceTree = "<group>"; };
		4517E76E299BBA00004D3525 /* Base */ = {isa = PBXFileReference; lastKnownFileType = file.storyboard; name = Base; path = Base.lproj/LaunchScreen.storyboard; sourceTree = "<group>"; };
		4517E770299BBA00004D3525 /* Info.plist */ = {isa = PBXFileReference; lastKnownFileType = text.plist.xml; path = Info.plist; sourceTree = "<group>"; };
		452016FC29A606E700A0D033 /* TitleViewModel.swift */ = {isa = PBXFileReference; lastKnownFileType = sourcecode.swift; path = TitleViewModel.swift; sourceTree = "<group>"; };
		4540C14E29A4CF30009C3446 /* TitleTableViewCell.swift */ = {isa = PBXFileReference; lastKnownFileType = sourcecode.swift; path = TitleTableViewCell.swift; sourceTree = "<group>"; };
		4551A7B5299CCE4500CF1D44 /* HomeViewController.swift */ = {isa = PBXFileReference; lastKnownFileType = sourcecode.swift; path = HomeViewController.swift; sourceTree = "<group>"; };
		4551A7B7299CCE8F00CF1D44 /* UpcommingViewController.swift */ = {isa = PBXFileReference; lastKnownFileType = sourcecode.swift; path = UpcommingViewController.swift; sourceTree = "<group>"; };
		4551A7B9299CCEC000CF1D44 /* SearchViewController.swift */ = {isa = PBXFileReference; lastKnownFileType = sourcecode.swift; path = SearchViewController.swift; sourceTree = "<group>"; };
		4551A7BB299CCEE300CF1D44 /* DownloadsViewController.swift */ = {isa = PBXFileReference; lastKnownFileType = sourcecode.swift; path = DownloadsViewController.swift; sourceTree = "<group>"; };
		4551A7C2299CDAC200CF1D44 /* CollectionViewTableViewCell.swift */ = {isa = PBXFileReference; lastKnownFileType = sourcecode.swift; path = CollectionViewTableViewCell.swift; sourceTree = "<group>"; };
		4551A7C4299CECA800CF1D44 /* HeroHeaderUIView.swift */ = {isa = PBXFileReference; lastKnownFileType = sourcecode.swift; path = HeroHeaderUIView.swift; sourceTree = "<group>"; };
		4586502E29A146A30016EDC7 /* TitleCollectionViewCell.swift */ = {isa = PBXFileReference; lastKnownFileType = sourcecode.swift; path = TitleCollectionViewCell.swift; sourceTree = "<group>"; };
		458C4336299FC756007F11B7 /* APICaller.swift */ = {isa = PBXFileReference; lastKnownFileType = sourcecode.swift; path = APICaller.swift; sourceTree = "<group>"; };
		458C4338299FE9F3007F11B7 /* Title.swift */ = {isa = PBXFileReference; lastKnownFileType = sourcecode.swift; path = Title.swift; sourceTree = "<group>"; };
		458C433A299FFA2A007F11B7 /* Extensions.swift */ = {isa = PBXFileReference; lastKnownFileType = sourcecode.swift; path = Extensions.swift; sourceTree = "<group>"; };
		459E5FBC29A63EA50099B4D9 /* SearchResultsViewController.swift */ = {isa = PBXFileReference; lastKnownFileType = sourcecode.swift; path = SearchResultsViewController.swift; sourceTree = "<group>"; };
		45A58F1F29ABCA1900FF0670 /* YoutubeSearchResponse.swift */ = {isa = PBXFileReference; lastKnownFileType = sourcecode.swift; path = YoutubeSearchResponse.swift; sourceTree = "<group>"; };
		45A58F2329ABDE2F00FF0670 /* TitlePreviewViewController.swift */ = {isa = PBXFileReference; lastKnownFileType = sourcecode.swift; path = TitlePreviewViewController.swift; sourceTree = "<group>"; };
		45A58F2529ABEE7900FF0670 /* TitlePreviewViewModel.swift */ = {isa = PBXFileReference; lastKnownFileType = sourcecode.swift; path = TitlePreviewViewModel.swift; sourceTree = "<group>"; };
/* End PBXFileReference section */

/* Begin PBXFrameworksBuildPhase section */
		4517E75C299BB9FF004D3525 /* Frameworks */ = {
			isa = PBXFrameworksBuildPhase;
			buildActionMask = 2147483647;
			files = (
				4586503429A14FCD0016EDC7 /* SDWebImageMapKit in Frameworks */,
				4586503229A14FCD0016EDC7 /* SDWebImage in Frameworks */,
			);
			runOnlyForDeploymentPostprocessing = 0;
		};
/* End PBXFrameworksBuildPhase section */

/* Begin PBXGroup section */
		4517E756299BB9FF004D3525 = {
			isa = PBXGroup;
			children = (
				4517E761299BB9FF004D3525 /* Netflix Clone */,
				4517E760299BB9FF004D3525 /* Products */,
			);
			sourceTree = "<group>";
		};
		4517E760299BB9FF004D3525 /* Products */ = {
			isa = PBXGroup;
			children = (
				4517E75F299BB9FF004D3525 /* Netflix Clone.app */,
			);
			name = Products;
			sourceTree = "<group>";
		};
		4517E761299BB9FF004D3525 /* Netflix Clone */ = {
			isa = PBXGroup;
			children = (
				4551A7C1299CDA3F00CF1D44 /* Managers */,
				4551A7C0299CDA2800CF1D44 /* Resources */,
				4551A7BF299CDA0700CF1D44 /* Models */,
				4551A7BE299CD9EA00CF1D44 /* ViewModels */,
				4551A7BD299CD9E100CF1D44 /* Views */,
				4551A7B4299CCDE400CF1D44 /* Controllers */,
				4517E762299BB9FF004D3525 /* AppDelegate.swift */,
				4517E764299BB9FF004D3525 /* SceneDelegate.swift */,
				4517E766299BB9FF004D3525 /* MainTabBarViewController.swift */,
				4517E76B299BBA00004D3525 /* Assets.xcassets */,
				4517E76D299BBA00004D3525 /* LaunchScreen.storyboard */,
				4517E770299BBA00004D3525 /* Info.plist */,
			);
			path = "Netflix Clone";
			sourceTree = "<group>";
		};
		4551A7B4299CCDE400CF1D44 /* Controllers */ = {
			isa = PBXGroup;
			children = (
				459E5FBF29A63F040099B4D9 /* General */,
				459E5FBE29A63EF20099B4D9 /* Core */,
			);
			path = Controllers;
			sourceTree = "<group>";
		};
		4551A7BD299CD9E100CF1D44 /* Views */ = {
			isa = PBXGroup;
			children = (
				4551A7C2299CDAC200CF1D44 /* CollectionViewTableViewCell.swift */,
				4551A7C4299CECA800CF1D44 /* HeroHeaderUIView.swift */,
				4586502E29A146A30016EDC7 /* TitleCollectionViewCell.swift */,
				4540C14E29A4CF30009C3446 /* TitleTableViewCell.swift */,
			);
			path = Views;
			sourceTree = "<group>";
		};
		4551A7BE299CD9EA00CF1D44 /* ViewModels */ = {
			isa = PBXGroup;
			children = (
				452016FC29A606E700A0D033 /* TitleViewModel.swift */,
				45A58F2529ABEE7900FF0670 /* TitlePreviewViewModel.swift */,
			);
			path = ViewModels;
			sourceTree = "<group>";
		};
		4551A7BF299CDA0700CF1D44 /* Models */ = {
			isa = PBXGroup;
			children = (
				458C4338299FE9F3007F11B7 /* Title.swift */,
				45A58F1F29ABCA1900FF0670 /* YoutubeSearchResponse.swift */,
			);
			path = Models;
			sourceTree = "<group>";
		};
		4551A7C0299CDA2800CF1D44 /* Resources */ = {
			isa = PBXGroup;
			children = (
				458C433A299FFA2A007F11B7 /* Extensions.swift */,
			);
			path = Resources;
			sourceTree = "<group>";
		};
		4551A7C1299CDA3F00CF1D44 /* Managers */ = {
			isa = PBXGroup;
			children = (
				458C4336299FC756007F11B7 /* APICaller.swift */,
			);
			path = Managers;
			sourceTree = "<group>";
		};
		459E5FBE29A63EF20099B4D9 /* Core */ = {
			isa = PBXGroup;
			children = (
				4551A7B5299CCE4500CF1D44 /* HomeViewController.swift */,
				4551A7B7299CCE8F00CF1D44 /* UpcommingViewController.swift */,
				4551A7B9299CCEC000CF1D44 /* SearchViewController.swift */,
				4551A7BB299CCEE300CF1D44 /* DownloadsViewController.swift */,
			);
			path = Core;
			sourceTree = "<group>";
		};
		459E5FBF29A63F040099B4D9 /* General */ = {
			isa = PBXGroup;
			children = (
				459E5FBC29A63EA50099B4D9 /* SearchResultsViewController.swift */,
				45A58F2329ABDE2F00FF0670 /* TitlePreviewViewController.swift */,
			);
			path = General;
			sourceTree = "<group>";
		};
/* End PBXGroup section */

/* Begin PBXNativeTarget section */
		4517E75E299BB9FF004D3525 /* Netflix Clone */ = {
			isa = PBXNativeTarget;
			buildConfigurationList = 4517E773299BBA00004D3525 /* Build configuration list for PBXNativeTarget "Netflix Clone" */;
			buildPhases = (
				4517E75B299BB9FF004D3525 /* Sources */,
				4517E75C299BB9FF004D3525 /* Frameworks */,
				4517E75D299BB9FF004D3525 /* Resources */,
			);
			buildRules = (
			);
			dependencies = (
			);
			name = "Netflix Clone";
			packageProductDependencies = (
				4586503129A14FCD0016EDC7 /* SDWebImage */,
				4586503329A14FCD0016EDC7 /* SDWebImageMapKit */,
			);
			productName = "Netflix Clone";
			productReference = 4517E75F299BB9FF004D3525 /* Netflix Clone.app */;
			productType = "com.apple.product-type.application";
		};
/* End PBXNativeTarget section */

/* Begin PBXProject section */
		4517E757299BB9FF004D3525 /* Project object */ = {
			isa = PBXProject;
			attributes = {
				BuildIndependentTargetsInParallel = 1;
				LastSwiftUpdateCheck = 1420;
				LastUpgradeCheck = 1420;
				TargetAttributes = {
					4517E75E299BB9FF004D3525 = {
						CreatedOnToolsVersion = 14.2;
					};
				};
			};
			buildConfigurationList = 4517E75A299BB9FF004D3525 /* Build configuration list for PBXProject "Netflix Clone" */;
			compatibilityVersion = "Xcode 14.0";
			developmentRegion = en;
			hasScannedForEncodings = 0;
			knownRegions = (
				en,
				Base,
			);
			mainGroup = 4517E756299BB9FF004D3525;
			packageReferences = (
				4586503029A14FCD0016EDC7 /* XCRemoteSwiftPackageReference "SDWebImage" */,
			);
			productRefGroup = 4517E760299BB9FF004D3525 /* Products */;
			projectDirPath = "";
			projectRoot = "";
			targets = (
				4517E75E299BB9FF004D3525 /* Netflix Clone */,
			);
		};
/* End PBXProject section */

/* Begin PBXResourcesBuildPhase section */
		4517E75D299BB9FF004D3525 /* Resources */ = {
			isa = PBXResourcesBuildPhase;
			buildActionMask = 2147483647;
			files = (
				4517E76F299BBA00004D3525 /* LaunchScreen.storyboard in Resources */,
				4517E76C299BBA00004D3525 /* Assets.xcassets in Resources */,
			);
			runOnlyForDeploymentPostprocessing = 0;
		};
/* End PBXResourcesBuildPhase section */

/* Begin PBXSourcesBuildPhase section */
		4517E75B299BB9FF004D3525 /* Sources */ = {
			isa = PBXSourcesBuildPhase;
			buildActionMask = 2147483647;
			files = (
				4540C14F29A4CF30009C3446 /* TitleTableViewCell.swift in Sources */,
				4551A7BA299CCEC000CF1D44 /* SearchViewController.swift in Sources */,
				4586502F29A146A30016EDC7 /* TitleCollectionViewCell.swift in Sources */,
				4517E767299BB9FF004D3525 /* MainTabBarViewController.swift in Sources */,
				4551A7C3299CDAC200CF1D44 /* CollectionViewTableViewCell.swift in Sources */,
				458C4337299FC756007F11B7 /* APICaller.swift in Sources */,
				4551A7C5299CECA800CF1D44 /* HeroHeaderUIView.swift in Sources */,
				4551A7BC299CCEE300CF1D44 /* DownloadsViewController.swift in Sources */,
				4517E763299BB9FF004D3525 /* AppDelegate.swift in Sources */,
				459E5FBD29A63EA50099B4D9 /* SearchResultsViewController.swift in Sources */,
				458C433B299FFA2A007F11B7 /* Extensions.swift in Sources */,
				45A58F2029ABCA1900FF0670 /* YoutubeSearchResponse.swift in Sources */,
				4551A7B8299CCE8F00CF1D44 /* UpcommingViewController.swift in Sources */,
				45A58F2629ABEE7900FF0670 /* TitlePreviewViewModel.swift in Sources */,
				4517E765299BB9FF004D3525 /* SceneDelegate.swift in Sources */,
				45A58F2429ABDE2F00FF0670 /* TitlePreviewViewController.swift in Sources */,
				458C4339299FE9F3007F11B7 /* Title.swift in Sources */,
				4551A7B6299CCE4500CF1D44 /* HomeViewController.swift in Sources */,
				452016FD29A606E700A0D033 /* TitleViewModel.swift in Sources */,
			);
			runOnlyForDeploymentPostprocessing = 0;
		};
/* End PBXSourcesBuildPhase section */

/* Begin PBXVariantGroup section */
		4517E76D299BBA00004D3525 /* LaunchScreen.storyboard */ = {
			isa = PBXVariantGroup;
			children = (
				4517E76E299BBA00004D3525 /* Base */,
			);
			name = LaunchScreen.storyboard;
			sourceTree = "<group>";
		};
/* End PBXVariantGroup section */

/* Begin XCBuildConfiguration section */
		4517E771299BBA00004D3525 /* Debug */ = {
			isa = XCBuildConfiguration;
			buildSettings = {
				ALWAYS_SEARCH_USER_PATHS = NO;
				CLANG_ANALYZER_NONNULL = YES;
				CLANG_ANALYZER_NUMBER_OBJECT_CONVERSION = YES_AGGRESSIVE;
				CLANG_CXX_LANGUAGE_STANDARD = "gnu++20";
				CLANG_ENABLE_MODULES = YES;
				CLANG_ENABLE_OBJC_ARC = YES;
				CLANG_ENABLE_OBJC_WEAK = YES;
				CLANG_WARN_BLOCK_CAPTURE_AUTORELEASING = YES;
				CLANG_WARN_BOOL_CONVERSION = YES;
				CLANG_WARN_COMMA = YES;
				CLANG_WARN_CONSTANT_CONVERSION = YES;
				CLANG_WARN_DEPRECATED_OBJC_IMPLEMENTATIONS = YES;
				CLANG_WARN_DIRECT_OBJC_ISA_USAGE = YES_ERROR;
				CLANG_WARN_DOCUMENTATION_COMMENTS = YES;
				CLANG_WARN_EMPTY_BODY = YES;
				CLANG_WARN_ENUM_CONVERSION = YES;
				CLANG_WARN_INFINITE_RECURSION = YES;
				CLANG_WARN_INT_CONVERSION = YES;
				CLANG_WARN_NON_LITERAL_NULL_CONVERSION = YES;
				CLANG_WARN_OBJC_IMPLICIT_RETAIN_SELF = YES;
				CLANG_WARN_OBJC_LITERAL_CONVERSION = YES;
				CLANG_WARN_OBJC_ROOT_CLASS = YES_ERROR;
				CLANG_WARN_QUOTED_INCLUDE_IN_FRAMEWORK_HEADER = YES;
				CLANG_WARN_RANGE_LOOP_ANALYSIS = YES;
				CLANG_WARN_STRICT_PROTOTYPES = YES;
				CLANG_WARN_SUSPICIOUS_MOVE = YES;
				CLANG_WARN_UNGUARDED_AVAILABILITY = YES_AGGRESSIVE;
				CLANG_WARN_UNREACHABLE_CODE = YES;
				CLANG_WARN__DUPLICATE_METHOD_MATCH = YES;
				COPY_PHASE_STRIP = NO;
				DEBUG_INFORMATION_FORMAT = dwarf;
				ENABLE_STRICT_OBJC_MSGSEND = YES;
				ENABLE_TESTABILITY = YES;
				GCC_C_LANGUAGE_STANDARD = gnu11;
				GCC_DYNAMIC_NO_PIC = NO;
				GCC_NO_COMMON_BLOCKS = YES;
				GCC_OPTIMIZATION_LEVEL = 0;
				GCC_PREPROCESSOR_DEFINITIONS = (
					"DEBUG=1",
					"$(inherited)",
				);
				GCC_WARN_64_TO_32_BIT_CONVERSION = YES;
				GCC_WARN_ABOUT_RETURN_TYPE = YES_ERROR;
				GCC_WARN_UNDECLARED_SELECTOR = YES;
				GCC_WARN_UNINITIALIZED_AUTOS = YES_AGGRESSIVE;
				GCC_WARN_UNUSED_FUNCTION = YES;
				GCC_WARN_UNUSED_VARIABLE = YES;
				IPHONEOS_DEPLOYMENT_TARGET = 16.2;
				MTL_ENABLE_DEBUG_INFO = INCLUDE_SOURCE;
				MTL_FAST_MATH = YES;
				ONLY_ACTIVE_ARCH = YES;
				SDKROOT = iphoneos;
				SWIFT_ACTIVE_COMPILATION_CONDITIONS = DEBUG;
				SWIFT_OPTIMIZATION_LEVEL = "-Onone";
			};
			name = Debug;
		};
		4517E772299BBA00004D3525 /* Release */ = {
			isa = XCBuildConfiguration;
			buildSettings = {
				ALWAYS_SEARCH_USER_PATHS = NO;
				CLANG_ANALYZER_NONNULL = YES;
				CLANG_ANALYZER_NUMBER_OBJECT_CONVERSION = YES_AGGRESSIVE;
				CLANG_CXX_LANGUAGE_STANDARD = "gnu++20";
				CLANG_ENABLE_MODULES = YES;
				CLANG_ENABLE_OBJC_ARC = YES;
				CLANG_ENABLE_OBJC_WEAK = YES;
				CLANG_WARN_BLOCK_CAPTURE_AUTORELEASING = YES;
				CLANG_WARN_BOOL_CONVERSION = YES;
				CLANG_WARN_COMMA = YES;
				CLANG_WARN_CONSTANT_CONVERSION = YES;
				CLANG_WARN_DEPRECATED_OBJC_IMPLEMENTATIONS = YES;
				CLANG_WARN_DIRECT_OBJC_ISA_USAGE = YES_ERROR;
				CLANG_WARN_DOCUMENTATION_COMMENTS = YES;
				CLANG_WARN_EMPTY_BODY = YES;
				CLANG_WARN_ENUM_CONVERSION = YES;
				CLANG_WARN_INFINITE_RECURSION = YES;
				CLANG_WARN_INT_CONVERSION = YES;
				CLANG_WARN_NON_LITERAL_NULL_CONVERSION = YES;
				CLANG_WARN_OBJC_IMPLICIT_RETAIN_SELF = YES;
				CLANG_WARN_OBJC_LITERAL_CONVERSION = YES;
				CLANG_WARN_OBJC_ROOT_CLASS = YES_ERROR;
				CLANG_WARN_QUOTED_INCLUDE_IN_FRAMEWORK_HEADER = YES;
				CLANG_WARN_RANGE_LOOP_ANALYSIS = YES;
				CLANG_WARN_STRICT_PROTOTYPES = YES;
				CLANG_WARN_SUSPICIOUS_MOVE = YES;
				CLANG_WARN_UNGUARDED_AVAILABILITY = YES_AGGRESSIVE;
				CLANG_WARN_UNREACHABLE_CODE = YES;
				CLANG_WARN__DUPLICATE_METHOD_MATCH = YES;
				COPY_PHASE_STRIP = NO;
				DEBUG_INFORMATION_FORMAT = "dwarf-with-dsym";
				ENABLE_NS_ASSERTIONS = NO;
				ENABLE_STRICT_OBJC_MSGSEND = YES;
				GCC_C_LANGUAGE_STANDARD = gnu11;
				GCC_NO_COMMON_BLOCKS = YES;
				GCC_WARN_64_TO_32_BIT_CONVERSION = YES;
				GCC_WARN_ABOUT_RETURN_TYPE = YES_ERROR;
				GCC_WARN_UNDECLARED_SELECTOR = YES;
				GCC_WARN_UNINITIALIZED_AUTOS = YES_AGGRESSIVE;
				GCC_WARN_UNUSED_FUNCTION = YES;
				GCC_WARN_UNUSED_VARIABLE = YES;
				IPHONEOS_DEPLOYMENT_TARGET = 16.2;
				MTL_ENABLE_DEBUG_INFO = NO;
				MTL_FAST_MATH = YES;
				SDKROOT = iphoneos;
				SWIFT_COMPILATION_MODE = wholemodule;
				SWIFT_OPTIMIZATION_LEVEL = "-O";
				VALIDATE_PRODUCT = YES;
			};
			name = Release;
		};
		4517E774299BBA00004D3525 /* Debug */ = {
			isa = XCBuildConfiguration;
			buildSettings = {
				ASSETCATALOG_COMPILER_APPICON_NAME = AppIcon;
				ASSETCATALOG_COMPILER_GLOBAL_ACCENT_COLOR_NAME = AccentColor;
				CODE_SIGN_STYLE = Automatic;
				CURRENT_PROJECT_VERSION = 1;
				DEVELOPMENT_TEAM = U649P4864C;
				GENERATE_INFOPLIST_FILE = YES;
				INFOPLIST_FILE = "Netflix Clone/Info.plist";
				INFOPLIST_KEY_UIApplicationSupportsIndirectInputEvents = YES;
				INFOPLIST_KEY_UILaunchStoryboardName = LaunchScreen;
				INFOPLIST_KEY_UISupportedInterfaceOrientations_iPad = "UIInterfaceOrientationPortrait UIInterfaceOrientationPortraitUpsideDown UIInterfaceOrientationLandscapeLeft UIInterfaceOrientationLandscapeRight";
				INFOPLIST_KEY_UISupportedInterfaceOrientations_iPhone = "UIInterfaceOrientationPortrait UIInterfaceOrientationLandscapeLeft UIInterfaceOrientationLandscapeRight";
				LD_RUNPATH_SEARCH_PATHS = (
					"$(inherited)",
					"@executable_path/Frameworks",
				);
				MARKETING_VERSION = 1.0;
				PRODUCT_BUNDLE_IDENTIFIER = "com.Aidarov.Netflix-Clone";
				PRODUCT_NAME = "$(TARGET_NAME)";
				SWIFT_EMIT_LOC_STRINGS = YES;
				SWIFT_VERSION = 5.0;
				TARGETED_DEVICE_FAMILY = "1,2";
			};
			name = Debug;
		};
		4517E775299BBA00004D3525 /* Release */ = {
			isa = XCBuildConfiguration;
			buildSettings = {
				ASSETCATALOG_COMPILER_APPICON_NAME = AppIcon;
				ASSETCATALOG_COMPILER_GLOBAL_ACCENT_COLOR_NAME = AccentColor;
				CODE_SIGN_STYLE = Automatic;
				CURRENT_PROJECT_VERSION = 1;
				DEVELOPMENT_TEAM = U649P4864C;
				GENERATE_INFOPLIST_FILE = YES;
				INFOPLIST_FILE = "Netflix Clone/Info.plist";
				INFOPLIST_KEY_UIApplicationSupportsIndirectInputEvents = YES;
				INFOPLIST_KEY_UILaunchStoryboardName = LaunchScreen;
				INFOPLIST_KEY_UISupportedInterfaceOrientations_iPad = "UIInterfaceOrientationPortrait UIInterfaceOrientationPortraitUpsideDown UIInterfaceOrientationLandscapeLeft UIInterfaceOrientationLandscapeRight";
				INFOPLIST_KEY_UISupportedInterfaceOrientations_iPhone = "UIInterfaceOrientationPortrait UIInterfaceOrientationLandscapeLeft UIInterfaceOrientationLandscapeRight";
				LD_RUNPATH_SEARCH_PATHS = (
					"$(inherited)",
					"@executable_path/Frameworks",
				);
				MARKETING_VERSION = 1.0;
				PRODUCT_BUNDLE_IDENTIFIER = "com.Aidarov.Netflix-Clone";
				PRODUCT_NAME = "$(TARGET_NAME)";
				SWIFT_EMIT_LOC_STRINGS = YES;
				SWIFT_VERSION = 5.0;
				TARGETED_DEVICE_FAMILY = "1,2";
			};
			name = Release;
		};
/* End XCBuildConfiguration section */

/* Begin XCConfigurationList section */
		4517E75A299BB9FF004D3525 /* Build configuration list for PBXProject "Netflix Clone" */ = {
			isa = XCConfigurationList;
			buildConfigurations = (
				4517E771299BBA00004D3525 /* Debug */,
				4517E772299BBA00004D3525 /* Release */,
			);
			defaultConfigurationIsVisible = 0;
			defaultConfigurationName = Release;
		};
		4517E773299BBA00004D3525 /* Build configuration list for PBXNativeTarget "Netflix Clone" */ = {
			isa = XCConfigurationList;
			buildConfigurations = (
				4517E774299BBA00004D3525 /* Debug */,
				4517E775299BBA00004D3525 /* Release */,
			);
			defaultConfigurationIsVisible = 0;
			defaultConfigurationName = Release;
		};
/* End XCConfigurationList section */

/* Begin XCRemoteSwiftPackageReference section */
		4586503029A14FCD0016EDC7 /* XCRemoteSwiftPackageReference "SDWebImage" */ = {
			isa = XCRemoteSwiftPackageReference;
			repositoryURL = "https://github.com/SDWebImage/SDWebImage.git";
			requirement = {
				kind = upToNextMajorVersion;
				minimumVersion = 5.0.0;
			};
		};
/* End XCRemoteSwiftPackageReference section */

/* Begin XCSwiftPackageProductDependency section */
		4586503129A14FCD0016EDC7 /* SDWebImage */ = {
			isa = XCSwiftPackageProductDependency;
			package = 4586503029A14FCD0016EDC7 /* XCRemoteSwiftPackageReference "SDWebImage" */;
			productName = SDWebImage;
		};
		4586503329A14FCD0016EDC7 /* SDWebImageMapKit */ = {
			isa = XCSwiftPackageProductDependency;
			package = 4586503029A14FCD0016EDC7 /* XCRemoteSwiftPackageReference "SDWebImage" */;
			productName = SDWebImageMapKit;
		};
/* End XCSwiftPackageProductDependency section */
	};
	rootObject = 4517E757299BB9FF004D3525 /* Project object */;
}
